
Microsoft Visual Studio Solution File, Format Version 12.00
# Visual Studio Version 16
VisualStudioVersion = 16.0.29123.88
MinimumVisualStudioVersion = 10.0.40219.1
Project("{FAE04EC0-301F-11D3-BF4B-00C04F79EFBC}") = "Models", "Models\Models.csproj", "{5445FD4D-1C22-4359-8595-3CE87639A320}"
EndProject
Project("{FAE04EC0-301F-11D3-BF4B-00C04F79EFBC}") = "Tests.Models", "Tests.Models\Tests.Models.csproj", "{9EFECDAC-C3FE-4FB8-8130-07594122B636}"
EndProject
Global
	GlobalSection(SolutionConfigurationPlatforms) = preSolution
		Debug|Any CPU = Debug|Any CPU
		Release|Any CPU = Release|Any CPU
	EndGlobalSection
	GlobalSection(ProjectConfigurationPlatforms) = postSolution
		{5445FD4D-1C22-4359-8595-3CE87639A320}.Debug|Any CPU.ActiveCfg = Debug|Any CPU
		{5445FD4D-1C22-4359-8595-3CE87639A320}.Debug|Any CPU.Build.0 = Debug|Any CPU
		{5445FD4D-1C22-4359-8595-3CE87639A320}.Release|Any CPU.ActiveCfg = Release|Any CPU
		{5445FD4D-1C22-4359-8595-3CE87639A320}.Release|Any CPU.Build.0 = Release|Any CPU
		{9EFECDAC-C3FE-4FB8-8130-07594122B636}.Debug|Any CPU.ActiveCfg = Debug|Any CPU
		{9EFECDAC-C3FE-4FB8-8130-07594122B636}.Debug|Any CPU.Build.0 = Debug|Any CPU
		{9EFECDAC-C3FE-4FB8-8130-07594122B636}.Release|Any CPU.ActiveCfg = Release|Any CPU
		{9EFECDAC-C3FE-4FB8-8130-07594122B636}.Release|Any CPU.Build.0 = Release|Any CPU
	EndGlobalSection
	GlobalSection(SolutionProperties) = preSolution
		HideSolutionNode = FALSE
	EndGlobalSection
	GlobalSection(ExtensibilityGlobals) = postSolution
		SolutionGuid = {7069746A-C0AF-49C3-963B-83AA48A36795}
	EndGlobalSection
EndGlobal
